
Microsoft Visual Studio Solution File, Format Version 12.00
# Visual Studio Version 17
VisualStudioVersion = 17.14.36930.0 d17.14
MinimumVisualStudioVersion = 10.0.40219.1
Project("{FAE04EC0-301F-11D3-BF4B-00C04F79EFBC}") = "Digitalis_ nyomozoiroda2.0", "Digitalis_ nyomozoiroda2.0\Digitalis_ nyomozoiroda2.0.csproj", "{B660D465-3E58-4A1F-9340-161687AF310A}"
EndProject
Global
	GlobalSection(SolutionConfigurationPlatforms) = preSolution
		Debug|Any CPU = Debug|Any CPU
		Release|Any CPU = Release|Any CPU
	EndGlobalSection
	GlobalSection(ProjectConfigurationPlatforms) = postSolution
		{B660D465-3E58-4A1F-9340-161687AF310A}.Debug|Any CPU.ActiveCfg = Debug|Any CPU
		{B660D465-3E58-4A1F-9340-161687AF310A}.Debug|Any CPU.Build.0 = Debug|Any CPU
		{B660D465-3E58-4A1F-9340-161687AF310A}.Release|Any CPU.ActiveCfg = Release|Any CPU
		{B660D465-3E58-4A1F-9340-161687AF310A}.Release|Any CPU.Build.0 = Release|Any CPU
	EndGlobalSection
	GlobalSection(SolutionProperties) = preSolution
		HideSolutionNode = FALSE
	EndGlobalSection
	GlobalSection(ExtensibilityGlobals) = postSolution
		SolutionGuid = {AF653698-D4A2-4634-9B20-3CEDF8681A82}
	EndGlobalSection
EndGlobal
